Microsoft Visual Studio Solution File, Format Version 12.00
# Visual Studio 2012
Project("{FAE04EC0-301F-11D3-BF4B-00C04F79EFBC}") = "fps_game", "fps_game.csproj", "{D5E11E11-C359-47A9-A963-7405FCE5A963}"
EndProject
Global
	GlobalSection(SolutionConfigurationPlatforms) = preSolution
	Debug|Any CPU = Debug|Any CPU
	ExportDebug|Any CPU = ExportDebug|Any CPU
	ExportRelease|Any CPU = ExportRelease|Any CPU
	EndGlobalSection
	GlobalSection(ProjectConfigurationPlatforms) = postSolution
		{D5E11E11-C359-47A9-A963-7405FCE5A963}.Debug|Any CPU.ActiveCfg = Debug|Any CPU
		{D5E11E11-C359-47A9-A963-7405FCE5A963}.Debug|Any CPU.Build.0 = Debug|Any CPU
		{D5E11E11-C359-47A9-A963-7405FCE5A963}.ExportDebug|Any CPU.ActiveCfg = ExportDebug|Any CPU
		{D5E11E11-C359-47A9-A963-7405FCE5A963}.ExportDebug|Any CPU.Build.0 = ExportDebug|Any CPU
		{D5E11E11-C359-47A9-A963-7405FCE5A963}.ExportRelease|Any CPU.ActiveCfg = ExportRelease|Any CPU
		{D5E11E11-C359-47A9-A963-7405FCE5A963}.ExportRelease|Any CPU.Build.0 = ExportRelease|Any CPU
	EndGlobalSection
EndGlobal
